
Microsoft Visual Studio Solution File, Format Version 12.00
# Visual Studio Version 16
VisualStudioVersion = 16.0.31005.135
MinimumVisualStudioVersion = 10.0.40219.1
Project("{FAE04EC0-301F-11D3-BF4B-00C04F79EFBC}") = "XamarinBookStoreApp.Android", "XamarinBookStoreApp.Android\XamarinBookStoreApp.Android.csproj", "{CF528FB3-D772-4C8D-82D3-B0CAF0D1E1A6}"
EndProject
Project("{FAE04EC0-301F-11D3-BF4B-00C04F79EFBC}") = "XamarinBookStoreApp.iOS", "XamarinBookStoreApp.iOS\XamarinBookStoreApp.iOS.csproj", "{8BF7D79C-E8AA-42C8-BAC0-74F51B9C9120}"
EndProject
Project("{FAE04EC0-301F-11D3-BF4B-00C04F79EFBC}") = "XamarinBookStoreApp", "XamarinBookStoreApp\XamarinBookStoreApp.csproj", "{97F01595-FFBC-4794-B564-28F7CADEB0EF}"
EndProject
Global
	GlobalSection(SolutionConfigurationPlatforms) = preSolution
		Debug|Any CPU = Debug|Any CPU
		Debug|iPhone = Debug|iPhone
		Debug|iPhoneSimulator = Debug|iPhoneSimulator
		Release|Any CPU = Release|Any CPU
		Release|iPhone = Release|iPhone
		Release|iPhoneSimulator = Release|iPhoneSimulator
	EndGlobalSection
	GlobalSection(ProjectConfigurationPlatforms) = postSolution
		{CF528FB3-D772-4C8D-82D3-B0CAF0D1E1A6}.Debug|Any CPU.ActiveCfg = Debug|Any CPU
		{CF528FB3-D772-4C8D-82D3-B0CAF0D1E1A6}.Debug|Any CPU.Build.0 = Debug|Any CPU
		{CF528FB3-D772-4C8D-82D3-B0CAF0D1E1A6}.Debug|Any CPU.Deploy.0 = Debug|Any CPU
		{CF528FB3-D772-4C8D-82D3-B0CAF0D1E1A6}.Debug|iPhone.ActiveCfg = Debug|Any CPU
		{CF528FB3-D772-4C8D-82D3-B0CAF0D1E1A6}.Debug|iPhone.Build.0 = Debug|Any CPU
		{CF528FB3-D772-4C8D-82D3-B0CAF0D1E1A6}.Debug|iPhone.Deploy.0 = Debug|Any CPU
		{CF528FB3-D772-4C8D-82D3-B0CAF0D1E1A6}.Debug|iPhoneSimulator.ActiveCfg = Debug|Any CPU
		{CF528FB3-D772-4C8D-82D3-B0CAF0D1E1A6}.Debug|iPhoneSimulator.Build.0 = Debug|Any CPU
		{CF528FB3-D772-4C8D-82D3-B0CAF0D1E1A6}.Debug|iPhoneSimulator.Deploy.0 = Debug|Any CPU
		{CF528FB3-D772-4C8D-82D3-B0CAF0D1E1A6}.Release|Any CPU.ActiveCfg = Release|Any CPU
		{CF528FB3-D772-4C8D-82D3-B0CAF0D1E1A6}.Release|Any CPU.Build.0 = Release|Any CPU
		{CF528FB3-D772-4C8D-82D3-B0CAF0D1E1A6}.Release|Any CPU.Deploy.0 = Release|Any CPU
		{CF528FB3-D772-4C8D-82D3-B0CAF0D1E1A6}.Release|iPhone.ActiveCfg = Release|Any CPU
		{CF528FB3-D772-4C8D-82D3-B0CAF0D1E1A6}.Release|iPhone.Build.0 = Release|Any CPU
		{CF528FB3-D772-4C8D-82D3-B0CAF0D1E1A6}.Release|iPhone.Deploy.0 = Release|Any CPU
		{CF528FB3-D772-4C8D-82D3-B0CAF0D1E1A6}.Release|iPhoneSimulator.ActiveCfg = Release|Any CPU
		{CF528FB3-D772-4C8D-82D3-B0CAF0D1E1A6}.Release|iPhoneSimulator.Build.0 = Release|Any CPU
		{CF528FB3-D772-4C8D-82D3-B0CAF0D1E1A6}.Release|iPhoneSimulator.Deploy.0 = Release|Any CPU
		{8BF7D79C-E8AA-42C8-BAC0-74F51B9C9120}.Debug|Any CPU.ActiveCfg = Debug|iPhone
		{8BF7D79C-E8AA-42C8-BAC0-74F51B9C9120}.Debug|Any CPU.Build.0 = Debug|iPhone
		{8BF7D79C-E8AA-42C8-BAC0-74F51B9C9120}.Debug|Any CPU.Deploy.0 = Debug|iPhone
		{8BF7D79C-E8AA-42C8-BAC0-74F51B9C9120}.Debug|iPhone.ActiveCfg = Debug|iPhone
		{8BF7D79C-E8AA-42C8-BAC0-74F51B9C9120}.Debug|iPhone.Build.0 = Debug|iPhone
		{8BF7D79C-E8AA-42C8-BAC0-74F51B9C9120}.Debug|iPhone.Deploy.0 = Debug|iPhone
		{8BF7D79C-E8AA-42C8-BAC0-74F51B9C9120}.Debug|iPhoneSimulator.ActiveCfg = Debug|iPhoneSimulator
		{8BF7D79C-E8AA-42C8-BAC0-74F51B9C9120}.Debug|iPhoneSimulator.Build.0 = Debug|iPhoneSimulator
		{8BF7D79C-E8AA-42C8-BAC0-74F51B9C9120}.Debug|iPhoneSimulator.Deploy.0 = Debug|iPhoneSimulator
		{8BF7D79C-E8AA-42C8-BAC0-74F51B9C9120}.Release|Any CPU.ActiveCfg = Release|iPhoneSimulator
		{8BF7D79C-E8AA-42C8-BAC0-74F51B9C9120}.Release|Any CPU.Build.0 = Release|iPhoneSimulator
		{8BF7D79C-E8AA-42C8-BAC0-74F51B9C9120}.Release|Any CPU.Deploy.0 = Release|iPhoneSimulator
		{8BF7D79C-E8AA-42C8-BAC0-74F51B9C9120}.Release|iPhone.ActiveCfg = Release|iPhone
		{8BF7D79C-E8AA-42C8-BAC0-74F51B9C9120}.Release|iPhone.Build.0 = Release|iPhone
		{8BF7D79C-E8AA-42C8-BAC0-74F51B9C9120}.Release|iPhone.Deploy.0 = Release|iPhone
		{8BF7D79C-E8AA-42C8-BAC0-74F51B9C9120}.Release|iPhoneSimulator.ActiveCfg = Release|iPhoneSimulator
		{8BF7D79C-E8AA-42C8-BAC0-74F51B9C9120}.Release|iPhoneSimulator.Build.0 = Release|iPhoneSimulator
		{8BF7D79C-E8AA-42C8-BAC0-74F51B9C9120}.Release|iPhoneSimulator.Deploy.0 = Release|iPhoneSimulator
		{97F01595-FFBC-4794-B564-28F7CADEB0EF}.Debug|Any CPU.ActiveCfg = Debug|Any CPU
		{97F01595-FFBC-4794-B564-28F7CADEB0EF}.Debug|Any CPU.Build.0 = Debug|Any CPU
		{97F01595-FFBC-4794-B564-28F7CADEB0EF}.Debug|Any CPU.Deploy.0 = Debug|Any CPU
		{97F01595-FFBC-4794-B564-28F7CADEB0EF}.Debug|iPhone.ActiveCfg = Debug|Any CPU
		{97F01595-FFBC-4794-B564-28F7CADEB0EF}.Debug|iPhone.Build.0 = Debug|Any CPU
		{97F01595-FFBC-4794-B564-28F7CADEB0EF}.Debug|iPhone.Deploy.0 = Debug|Any CPU
		{97F01595-FFBC-4794-B564-28F7CADEB0EF}.Debug|iPhoneSimulator.ActiveCfg = Debug|Any CPU
		{97F01595-FFBC-4794-B564-28F7CADEB0EF}.Debug|iPhoneSimulator.Build.0 = Debug|Any CPU
		{97F01595-FFBC-4794-B564-28F7CADEB0EF}.Debug|iPhoneSimulator.Deploy.0 = Debug|Any CPU
		{97F01595-FFBC-4794-B564-28F7CADEB0EF}.Release|Any CPU.ActiveCfg = Release|Any CPU
		{97F01595-FFBC-4794-B564-28F7CADEB0EF}.Release|Any CPU.Build.0 = Release|Any CPU
		{97F01595-FFBC-4794-B564-28F7CADEB0EF}.Release|Any CPU.Deploy.0 = Release|Any CPU
		{97F01595-FFBC-4794-B564-28F7CADEB0EF}.Release|iPhone.ActiveCfg = Release|Any CPU
		{97F01595-FFBC-4794-B564-28F7CADEB0EF}.Release|iPhone.Build.0 = Release|Any CPU
		{97F01595-FFBC-4794-B564-28F7CADEB0EF}.Release|iPhone.Deploy.0 = Release|Any CPU
		{97F01595-FFBC-4794-B564-28F7CADEB0EF}.Release|iPhoneSimulator.ActiveCfg = Release|Any CPU
		{97F01595-FFBC-4794-B564-28F7CADEB0EF}.Release|iPhoneSimulator.Build.0 = Release|Any CPU
		{97F01595-FFBC-4794-B564-28F7CADEB0EF}.Release|iPhoneSimulator.Deploy.0 = Release|Any CPU
	EndGlobalSection
	GlobalSection(SolutionProperties) = preSolution
		HideSolutionNode = FALSE
	EndGlobalSection
	GlobalSection(ExtensibilityGlobals) = postSolution
		SolutionGuid = {7941C20B-1E13-43A7-8BA2-7E4EDD97BB75}
	EndGlobalSection
EndGlobal
