
Microsoft Visual Studio Solution File, Format Version 12.00
# Visual Studio Version 16
VisualStudioVersion = 16.0.31005.135
MinimumVisualStudioVersion = 10.0.40219.1
Project("{FAE04EC0-301F-11D3-BF4B-00C04F79EFBC}") = "XamarinBookStoreApp.Android", "XamarinBookStoreApp.Android\XamarinBookStoreApp.Android.csproj", "{4C41BE26-1D12-464A-A7EE-A4A14B35C27F}"
EndProject
Project("{FAE04EC0-301F-11D3-BF4B-00C04F79EFBC}") = "XamarinBookStoreApp.iOS", "XamarinBookStoreApp.iOS\XamarinBookStoreApp.iOS.csproj", "{0CB40FE9-395B-47D7-9DC7-EA30F3766914}"
EndProject
Project("{FAE04EC0-301F-11D3-BF4B-00C04F79EFBC}") = "XamarinBookStoreApp", "XamarinBookStoreApp\XamarinBookStoreApp.csproj", "{F701F58D-6A3D-48FC-9CC7-855E857F0730}"
EndProject
Global
	GlobalSection(SolutionConfigurationPlatforms) = preSolution
		Debug|Any CPU = Debug|Any CPU
		Debug|iPhone = Debug|iPhone
		Debug|iPhoneSimulator = Debug|iPhoneSimulator
		Release|Any CPU = Release|Any CPU
		Release|iPhone = Release|iPhone
		Release|iPhoneSimulator = Release|iPhoneSimulator
	EndGlobalSection
	GlobalSection(ProjectConfigurationPlatforms) = postSolution
		{4C41BE26-1D12-464A-A7EE-A4A14B35C27F}.Debug|Any CPU.ActiveCfg = Debug|Any CPU
		{4C41BE26-1D12-464A-A7EE-A4A14B35C27F}.Debug|Any CPU.Build.0 = Debug|Any CPU
		{4C41BE26-1D12-464A-A7EE-A4A14B35C27F}.Debug|Any CPU.Deploy.0 = Debug|Any CPU
		{4C41BE26-1D12-464A-A7EE-A4A14B35C27F}.Debug|iPhone.ActiveCfg = Debug|Any CPU
		{4C41BE26-1D12-464A-A7EE-A4A14B35C27F}.Debug|iPhone.Build.0 = Debug|Any CPU
		{4C41BE26-1D12-464A-A7EE-A4A14B35C27F}.Debug|iPhone.Deploy.0 = Debug|Any CPU
		{4C41BE26-1D12-464A-A7EE-A4A14B35C27F}.Debug|iPhoneSimulator.ActiveCfg = Debug|Any CPU
		{4C41BE26-1D12-464A-A7EE-A4A14B35C27F}.Debug|iPhoneSimulator.Build.0 = Debug|Any CPU
		{4C41BE26-1D12-464A-A7EE-A4A14B35C27F}.Debug|iPhoneSimulator.Deploy.0 = Debug|Any CPU
		{4C41BE26-1D12-464A-A7EE-A4A14B35C27F}.Release|Any CPU.ActiveCfg = Release|Any CPU
		{4C41BE26-1D12-464A-A7EE-A4A14B35C27F}.Release|Any CPU.Build.0 = Release|Any CPU
		{4C41BE26-1D12-464A-A7EE-A4A14B35C27F}.Release|Any CPU.Deploy.0 = Release|Any CPU
		{4C41BE26-1D12-464A-A7EE-A4A14B35C27F}.Release|iPhone.ActiveCfg = Release|Any CPU
		{4C41BE26-1D12-464A-A7EE-A4A14B35C27F}.Release|iPhone.Build.0 = Release|Any CPU
		{4C41BE26-1D12-464A-A7EE-A4A14B35C27F}.Release|iPhone.Deploy.0 = Release|Any CPU
		{4C41BE26-1D12-464A-A7EE-A4A14B35C27F}.Release|iPhoneSimulator.ActiveCfg = Release|Any CPU
		{4C41BE26-1D12-464A-A7EE-A4A14B35C27F}.Release|iPhoneSimulator.Build.0 = Release|Any CPU
		{4C41BE26-1D12-464A-A7EE-A4A14B35C27F}.Release|iPhoneSimulator.Deploy.0 = Release|Any CPU
		{0CB40FE9-395B-47D7-9DC7-EA30F3766914}.Debug|Any CPU.ActiveCfg = Debug|iPhone
		{0CB40FE9-395B-47D7-9DC7-EA30F3766914}.Debug|Any CPU.Build.0 = Debug|iPhone
		{0CB40FE9-395B-47D7-9DC7-EA30F3766914}.Debug|Any CPU.Deploy.0 = Debug|iPhone
		{0CB40FE9-395B-47D7-9DC7-EA30F3766914}.Debug|iPhone.ActiveCfg = Debug|iPhone
		{0CB40FE9-395B-47D7-9DC7-EA30F3766914}.Debug|iPhone.Build.0 = Debug|iPhone
		{0CB40FE9-395B-47D7-9DC7-EA30F3766914}.Debug|iPhone.Deploy.0 = Debug|iPhone
		{0CB40FE9-395B-47D7-9DC7-EA30F3766914}.Debug|iPhoneSimulator.ActiveCfg = Debug|iPhoneSimulator
		{0CB40FE9-395B-47D7-9DC7-EA30F3766914}.Debug|iPhoneSimulator.Build.0 = Debug|iPhoneSimulator
		{0CB40FE9-395B-47D7-9DC7-EA30F3766914}.Debug|iPhoneSimulator.Deploy.0 = Debug|iPhoneSimulator
		{0CB40FE9-395B-47D7-9DC7-EA30F3766914}.Release|Any CPU.ActiveCfg = Release|iPhoneSimulator
		{0CB40FE9-395B-47D7-9DC7-EA30F3766914}.Release|Any CPU.Build.0 = Release|iPhoneSimulator
		{0CB40FE9-395B-47D7-9DC7-EA30F3766914}.Release|Any CPU.Deploy.0 = Release|iPhoneSimulator
		{0CB40FE9-395B-47D7-9DC7-EA30F3766914}.Release|iPhone.ActiveCfg = Release|iPhone
		{0CB40FE9-395B-47D7-9DC7-EA30F3766914}.Release|iPhone.Build.0 = Release|iPhone
		{0CB40FE9-395B-47D7-9DC7-EA30F3766914}.Release|iPhone.Deploy.0 = Release|iPhone
		{0CB40FE9-395B-47D7-9DC7-EA30F3766914}.Release|iPhoneSimulator.ActiveCfg = Release|iPhoneSimulator
		{0CB40FE9-395B-47D7-9DC7-EA30F3766914}.Release|iPhoneSimulator.Build.0 = Release|iPhoneSimulator
		{0CB40FE9-395B-47D7-9DC7-EA30F3766914}.Release|iPhoneSimulator.Deploy.0 = Release|iPhoneSimulator
		{F701F58D-6A3D-48FC-9CC7-855E857F0730}.Debug|Any CPU.ActiveCfg = Debug|Any CPU
		{F701F58D-6A3D-48FC-9CC7-855E857F0730}.Debug|Any CPU.Build.0 = Debug|Any CPU
		{F701F58D-6A3D-48FC-9CC7-855E857F0730}.Debug|Any CPU.Deploy.0 = Debug|Any CPU
		{F701F58D-6A3D-48FC-9CC7-855E857F0730}.Debug|iPhone.ActiveCfg = Debug|Any CPU
		{F701F58D-6A3D-48FC-9CC7-855E857F0730}.Debug|iPhone.Build.0 = Debug|Any CPU
		{F701F58D-6A3D-48FC-9CC7-855E857F0730}.Debug|iPhone.Deploy.0 = Debug|Any CPU
		{F701F58D-6A3D-48FC-9CC7-855E857F0730}.Debug|iPhoneSimulator.ActiveCfg = Debug|Any CPU
		{F701F58D-6A3D-48FC-9CC7-855E857F0730}.Debug|iPhoneSimulator.Build.0 = Debug|Any CPU
		{F701F58D-6A3D-48FC-9CC7-855E857F0730}.Debug|iPhoneSimulator.Deploy.0 = Debug|Any CPU
		{F701F58D-6A3D-48FC-9CC7-855E857F0730}.Release|Any CPU.ActiveCfg = Release|Any CPU
		{F701F58D-6A3D-48FC-9CC7-855E857F0730}.Release|Any CPU.Build.0 = Release|Any CPU
		{F701F58D-6A3D-48FC-9CC7-855E857F0730}.Release|Any CPU.Deploy.0 = Release|Any CPU
		{F701F58D-6A3D-48FC-9CC7-855E857F0730}.Release|iPhone.ActiveCfg = Release|Any CPU
		{F701F58D-6A3D-48FC-9CC7-855E857F0730}.Release|iPhone.Build.0 = Release|Any CPU
		{F701F58D-6A3D-48FC-9CC7-855E857F0730}.Release|iPhone.Deploy.0 = Release|Any CPU
		{F701F58D-6A3D-48FC-9CC7-855E857F0730}.Release|iPhoneSimulator.ActiveCfg = Release|Any CPU
		{F701F58D-6A3D-48FC-9CC7-855E857F0730}.Release|iPhoneSimulator.Build.0 = Release|Any CPU
		{F701F58D-6A3D-48FC-9CC7-855E857F0730}.Release|iPhoneSimulator.Deploy.0 = Release|Any CPU
	EndGlobalSection
	GlobalSection(SolutionProperties) = preSolution
		HideSolutionNode = FALSE
	EndGlobalSection
	GlobalSection(ExtensibilityGlobals) = postSolution
		SolutionGuid = {0B471793-61CF-49FD-AAD8-B8C213951F6A}
	EndGlobalSection
EndGlobal
