
Microsoft Visual Studio Solution File, Format Version 12.00
# Visual Studio Version 16
VisualStudioVersion = 16.0.31005.135
MinimumVisualStudioVersion = 10.0.40219.1
Project("{FAE04EC0-301F-11D3-BF4B-00C04F79EFBC}") = "XamarinBookStoreApp.Android", "XamarinBookStoreApp.Android\XamarinBookStoreApp.Android.csproj", "{DE9862DB-1092-48F8-B3CE-509F16C05673}"
EndProject
Project("{FAE04EC0-301F-11D3-BF4B-00C04F79EFBC}") = "XamarinBookStoreApp.iOS", "XamarinBookStoreApp.iOS\XamarinBookStoreApp.iOS.csproj", "{A9BDD792-45AD-42C5-A6A4-A3D9845170D2}"
EndProject
Project("{FAE04EC0-301F-11D3-BF4B-00C04F79EFBC}") = "XamarinBookStoreApp", "XamarinBookStoreApp\XamarinBookStoreApp.csproj", "{519E2614-AAFC-44F9-BEDD-CE98DD24A0F6}"
EndProject
Global
	GlobalSection(SolutionConfigurationPlatforms) = preSolution
		Debug|Any CPU = Debug|Any CPU
		Debug|iPhone = Debug|iPhone
		Debug|iPhoneSimulator = Debug|iPhoneSimulator
		Release|Any CPU = Release|Any CPU
		Release|iPhone = Release|iPhone
		Release|iPhoneSimulator = Release|iPhoneSimulator
	EndGlobalSection
	GlobalSection(ProjectConfigurationPlatforms) = postSolution
		{DE9862DB-1092-48F8-B3CE-509F16C05673}.Debug|Any CPU.ActiveCfg = Debug|Any CPU
		{DE9862DB-1092-48F8-B3CE-509F16C05673}.Debug|Any CPU.Build.0 = Debug|Any CPU
		{DE9862DB-1092-48F8-B3CE-509F16C05673}.Debug|Any CPU.Deploy.0 = Debug|Any CPU
		{DE9862DB-1092-48F8-B3CE-509F16C05673}.Debug|iPhone.ActiveCfg = Debug|Any CPU
		{DE9862DB-1092-48F8-B3CE-509F16C05673}.Debug|iPhone.Build.0 = Debug|Any CPU
		{DE9862DB-1092-48F8-B3CE-509F16C05673}.Debug|iPhone.Deploy.0 = Debug|Any CPU
		{DE9862DB-1092-48F8-B3CE-509F16C05673}.Debug|iPhoneSimulator.ActiveCfg = Debug|Any CPU
		{DE9862DB-1092-48F8-B3CE-509F16C05673}.Debug|iPhoneSimulator.Build.0 = Debug|Any CPU
		{DE9862DB-1092-48F8-B3CE-509F16C05673}.Debug|iPhoneSimulator.Deploy.0 = Debug|Any CPU
		{DE9862DB-1092-48F8-B3CE-509F16C05673}.Release|Any CPU.ActiveCfg = Release|Any CPU
		{DE9862DB-1092-48F8-B3CE-509F16C05673}.Release|Any CPU.Build.0 = Release|Any CPU
		{DE9862DB-1092-48F8-B3CE-509F16C05673}.Release|Any CPU.Deploy.0 = Release|Any CPU
		{DE9862DB-1092-48F8-B3CE-509F16C05673}.Release|iPhone.ActiveCfg = Release|Any CPU
		{DE9862DB-1092-48F8-B3CE-509F16C05673}.Release|iPhone.Build.0 = Release|Any CPU
		{DE9862DB-1092-48F8-B3CE-509F16C05673}.Release|iPhone.Deploy.0 = Release|Any CPU
		{DE9862DB-1092-48F8-B3CE-509F16C05673}.Release|iPhoneSimulator.ActiveCfg = Release|Any CPU
		{DE9862DB-1092-48F8-B3CE-509F16C05673}.Release|iPhoneSimulator.Build.0 = Release|Any CPU
		{DE9862DB-1092-48F8-B3CE-509F16C05673}.Release|iPhoneSimulator.Deploy.0 = Release|Any CPU
		{A9BDD792-45AD-42C5-A6A4-A3D9845170D2}.Debug|Any CPU.ActiveCfg = Debug|iPhone
		{A9BDD792-45AD-42C5-A6A4-A3D9845170D2}.Debug|Any CPU.Build.0 = Debug|iPhone
		{A9BDD792-45AD-42C5-A6A4-A3D9845170D2}.Debug|Any CPU.Deploy.0 = Debug|iPhone
		{A9BDD792-45AD-42C5-A6A4-A3D9845170D2}.Debug|iPhone.ActiveCfg = Debug|iPhone
		{A9BDD792-45AD-42C5-A6A4-A3D9845170D2}.Debug|iPhone.Build.0 = Debug|iPhone
		{A9BDD792-45AD-42C5-A6A4-A3D9845170D2}.Debug|iPhone.Deploy.0 = Debug|iPhone
		{A9BDD792-45AD-42C5-A6A4-A3D9845170D2}.Debug|iPhoneSimulator.ActiveCfg = Debug|iPhoneSimulator
		{A9BDD792-45AD-42C5-A6A4-A3D9845170D2}.Debug|iPhoneSimulator.Build.0 = Debug|iPhoneSimulator
		{A9BDD792-45AD-42C5-A6A4-A3D9845170D2}.Debug|iPhoneSimulator.Deploy.0 = Debug|iPhoneSimulator
		{A9BDD792-45AD-42C5-A6A4-A3D9845170D2}.Release|Any CPU.ActiveCfg = Release|iPhoneSimulator
		{A9BDD792-45AD-42C5-A6A4-A3D9845170D2}.Release|Any CPU.Build.0 = Release|iPhoneSimulator
		{A9BDD792-45AD-42C5-A6A4-A3D9845170D2}.Release|Any CPU.Deploy.0 = Release|iPhoneSimulator
		{A9BDD792-45AD-42C5-A6A4-A3D9845170D2}.Release|iPhone.ActiveCfg = Release|iPhone
		{A9BDD792-45AD-42C5-A6A4-A3D9845170D2}.Release|iPhone.Build.0 = Release|iPhone
		{A9BDD792-45AD-42C5-A6A4-A3D9845170D2}.Release|iPhone.Deploy.0 = Release|iPhone
		{A9BDD792-45AD-42C5-A6A4-A3D9845170D2}.Release|iPhoneSimulator.ActiveCfg = Release|iPhoneSimulator
		{A9BDD792-45AD-42C5-A6A4-A3D9845170D2}.Release|iPhoneSimulator.Build.0 = Release|iPhoneSimulator
		{A9BDD792-45AD-42C5-A6A4-A3D9845170D2}.Release|iPhoneSimulator.Deploy.0 = Release|iPhoneSimulator
		{519E2614-AAFC-44F9-BEDD-CE98DD24A0F6}.Debug|Any CPU.ActiveCfg = Debug|Any CPU
		{519E2614-AAFC-44F9-BEDD-CE98DD24A0F6}.Debug|Any CPU.Build.0 = Debug|Any CPU
		{519E2614-AAFC-44F9-BEDD-CE98DD24A0F6}.Debug|Any CPU.Deploy.0 = Debug|Any CPU
		{519E2614-AAFC-44F9-BEDD-CE98DD24A0F6}.Debug|iPhone.ActiveCfg = Debug|Any CPU
		{519E2614-AAFC-44F9-BEDD-CE98DD24A0F6}.Debug|iPhone.Build.0 = Debug|Any CPU
		{519E2614-AAFC-44F9-BEDD-CE98DD24A0F6}.Debug|iPhone.Deploy.0 = Debug|Any CPU
		{519E2614-AAFC-44F9-BEDD-CE98DD24A0F6}.Debug|iPhoneSimulator.ActiveCfg = Debug|Any CPU
		{519E2614-AAFC-44F9-BEDD-CE98DD24A0F6}.Debug|iPhoneSimulator.Build.0 = Debug|Any CPU
		{519E2614-AAFC-44F9-BEDD-CE98DD24A0F6}.Debug|iPhoneSimulator.Deploy.0 = Debug|Any CPU
		{519E2614-AAFC-44F9-BEDD-CE98DD24A0F6}.Release|Any CPU.ActiveCfg = Release|Any CPU
		{519E2614-AAFC-44F9-BEDD-CE98DD24A0F6}.Release|Any CPU.Build.0 = Release|Any CPU
		{519E2614-AAFC-44F9-BEDD-CE98DD24A0F6}.Release|Any CPU.Deploy.0 = Release|Any CPU
		{519E2614-AAFC-44F9-BEDD-CE98DD24A0F6}.Release|iPhone.ActiveCfg = Release|Any CPU
		{519E2614-AAFC-44F9-BEDD-CE98DD24A0F6}.Release|iPhone.Build.0 = Release|Any CPU
		{519E2614-AAFC-44F9-BEDD-CE98DD24A0F6}.Release|iPhone.Deploy.0 = Release|Any CPU
		{519E2614-AAFC-44F9-BEDD-CE98DD24A0F6}.Release|iPhoneSimulator.ActiveCfg = Release|Any CPU
		{519E2614-AAFC-44F9-BEDD-CE98DD24A0F6}.Release|iPhoneSimulator.Build.0 = Release|Any CPU
		{519E2614-AAFC-44F9-BEDD-CE98DD24A0F6}.Release|iPhoneSimulator.Deploy.0 = Release|Any CPU
	EndGlobalSection
	GlobalSection(SolutionProperties) = preSolution
		HideSolutionNode = FALSE
	EndGlobalSection
	GlobalSection(ExtensibilityGlobals) = postSolution
		SolutionGuid = {CFD9D4F1-31F4-4648-B346-39CCECB1D836}
	EndGlobalSection
EndGlobal
