
Microsoft Visual Studio Solution File, Format Version 12.00
# Visual Studio Version 16
VisualStudioVersion = 16.0.31829.152
MinimumVisualStudioVersion = 10.0.40219.1
Project("{FAE04EC0-301F-11D3-BF4B-00C04F79EFBC}") = "AbpXamarinForms.Android", "AbpXamarinForms\AbpXamarinForms.Android\AbpXamarinForms.Android.csproj", "{11F14AD8-FD82-4971-8859-FA4B75B6B276}"
EndProject
Project("{FAE04EC0-301F-11D3-BF4B-00C04F79EFBC}") = "AbpXamarinForms.iOS", "AbpXamarinForms\AbpXamarinForms.iOS\AbpXamarinForms.iOS.csproj", "{2C8EA128-575C-42D3-B177-3F0E5510DB99}"
EndProject
Project("{FAE04EC0-301F-11D3-BF4B-00C04F79EFBC}") = "AbpXamarinForms", "AbpXamarinForms\AbpXamarinForms\AbpXamarinForms.csproj", "{721D9342-7E0B-4099-87A6-4751E034EBFE}"
EndProject
Global
	GlobalSection(SolutionConfigurationPlatforms) = preSolution
		Debug|Any CPU = Debug|Any CPU
		Debug|iPhone = Debug|iPhone
		Debug|iPhoneSimulator = Debug|iPhoneSimulator
		Release|Any CPU = Release|Any CPU
		Release|iPhone = Release|iPhone
		Release|iPhoneSimulator = Release|iPhoneSimulator
	EndGlobalSection
	GlobalSection(ProjectConfigurationPlatforms) = postSolution
		{11F14AD8-FD82-4971-8859-FA4B75B6B276}.Debug|Any CPU.ActiveCfg = Debug|Any CPU
		{11F14AD8-FD82-4971-8859-FA4B75B6B276}.Debug|Any CPU.Build.0 = Debug|Any CPU
		{11F14AD8-FD82-4971-8859-FA4B75B6B276}.Debug|Any CPU.Deploy.0 = Debug|Any CPU
		{11F14AD8-FD82-4971-8859-FA4B75B6B276}.Debug|iPhone.ActiveCfg = Debug|Any CPU
		{11F14AD8-FD82-4971-8859-FA4B75B6B276}.Debug|iPhone.Build.0 = Debug|Any CPU
		{11F14AD8-FD82-4971-8859-FA4B75B6B276}.Debug|iPhone.Deploy.0 = Debug|Any CPU
		{11F14AD8-FD82-4971-8859-FA4B75B6B276}.Debug|iPhoneSimulator.ActiveCfg = Debug|Any CPU
		{11F14AD8-FD82-4971-8859-FA4B75B6B276}.Debug|iPhoneSimulator.Build.0 = Debug|Any CPU
		{11F14AD8-FD82-4971-8859-FA4B75B6B276}.Debug|iPhoneSimulator.Deploy.0 = Debug|Any CPU
		{11F14AD8-FD82-4971-8859-FA4B75B6B276}.Release|Any CPU.ActiveCfg = Release|Any CPU
		{11F14AD8-FD82-4971-8859-FA4B75B6B276}.Release|Any CPU.Build.0 = Release|Any CPU
		{11F14AD8-FD82-4971-8859-FA4B75B6B276}.Release|Any CPU.Deploy.0 = Release|Any CPU
		{11F14AD8-FD82-4971-8859-FA4B75B6B276}.Release|iPhone.ActiveCfg = Release|Any CPU
		{11F14AD8-FD82-4971-8859-FA4B75B6B276}.Release|iPhone.Build.0 = Release|Any CPU
		{11F14AD8-FD82-4971-8859-FA4B75B6B276}.Release|iPhone.Deploy.0 = Release|Any CPU
		{11F14AD8-FD82-4971-8859-FA4B75B6B276}.Release|iPhoneSimulator.ActiveCfg = Release|Any CPU
		{11F14AD8-FD82-4971-8859-FA4B75B6B276}.Release|iPhoneSimulator.Build.0 = Release|Any CPU
		{11F14AD8-FD82-4971-8859-FA4B75B6B276}.Release|iPhoneSimulator.Deploy.0 = Release|Any CPU
		{2C8EA128-575C-42D3-B177-3F0E5510DB99}.Debug|Any CPU.ActiveCfg = Debug|iPhone
		{2C8EA128-575C-42D3-B177-3F0E5510DB99}.Debug|Any CPU.Build.0 = Debug|iPhone
		{2C8EA128-575C-42D3-B177-3F0E5510DB99}.Debug|Any CPU.Deploy.0 = Debug|iPhone
		{2C8EA128-575C-42D3-B177-3F0E5510DB99}.Debug|iPhone.ActiveCfg = Debug|iPhone
		{2C8EA128-575C-42D3-B177-3F0E5510DB99}.Debug|iPhone.Build.0 = Debug|iPhone
		{2C8EA128-575C-42D3-B177-3F0E5510DB99}.Debug|iPhone.Deploy.0 = Debug|iPhone
		{2C8EA128-575C-42D3-B177-3F0E5510DB99}.Debug|iPhoneSimulator.ActiveCfg = Debug|iPhoneSimulator
		{2C8EA128-575C-42D3-B177-3F0E5510DB99}.Debug|iPhoneSimulator.Build.0 = Debug|iPhoneSimulator
		{2C8EA128-575C-42D3-B177-3F0E5510DB99}.Debug|iPhoneSimulator.Deploy.0 = Debug|iPhoneSimulator
		{2C8EA128-575C-42D3-B177-3F0E5510DB99}.Release|Any CPU.ActiveCfg = Release|iPhoneSimulator
		{2C8EA128-575C-42D3-B177-3F0E5510DB99}.Release|Any CPU.Build.0 = Release|iPhoneSimulator
		{2C8EA128-575C-42D3-B177-3F0E5510DB99}.Release|Any CPU.Deploy.0 = Release|iPhoneSimulator
		{2C8EA128-575C-42D3-B177-3F0E5510DB99}.Release|iPhone.ActiveCfg = Release|iPhone
		{2C8EA128-575C-42D3-B177-3F0E5510DB99}.Release|iPhone.Build.0 = Release|iPhone
		{2C8EA128-575C-42D3-B177-3F0E5510DB99}.Release|iPhone.Deploy.0 = Release|iPhone
		{2C8EA128-575C-42D3-B177-3F0E5510DB99}.Release|iPhoneSimulator.ActiveCfg = Release|iPhoneSimulator
		{2C8EA128-575C-42D3-B177-3F0E5510DB99}.Release|iPhoneSimulator.Build.0 = Release|iPhoneSimulator
		{2C8EA128-575C-42D3-B177-3F0E5510DB99}.Release|iPhoneSimulator.Deploy.0 = Release|iPhoneSimulator
		{721D9342-7E0B-4099-87A6-4751E034EBFE}.Debug|Any CPU.ActiveCfg = Debug|Any CPU
		{721D9342-7E0B-4099-87A6-4751E034EBFE}.Debug|Any CPU.Build.0 = Debug|Any CPU
		{721D9342-7E0B-4099-87A6-4751E034EBFE}.Debug|Any CPU.Deploy.0 = Debug|Any CPU
		{721D9342-7E0B-4099-87A6-4751E034EBFE}.Debug|iPhone.ActiveCfg = Debug|Any CPU
		{721D9342-7E0B-4099-87A6-4751E034EBFE}.Debug|iPhone.Build.0 = Debug|Any CPU
		{721D9342-7E0B-4099-87A6-4751E034EBFE}.Debug|iPhone.Deploy.0 = Debug|Any CPU
		{721D9342-7E0B-4099-87A6-4751E034EBFE}.Debug|iPhoneSimulator.ActiveCfg = Debug|Any CPU
		{721D9342-7E0B-4099-87A6-4751E034EBFE}.Debug|iPhoneSimulator.Build.0 = Debug|Any CPU
		{721D9342-7E0B-4099-87A6-4751E034EBFE}.Debug|iPhoneSimulator.Deploy.0 = Debug|Any CPU
		{721D9342-7E0B-4099-87A6-4751E034EBFE}.Release|Any CPU.ActiveCfg = Release|Any CPU
		{721D9342-7E0B-4099-87A6-4751E034EBFE}.Release|Any CPU.Build.0 = Release|Any CPU
		{721D9342-7E0B-4099-87A6-4751E034EBFE}.Release|Any CPU.Deploy.0 = Release|Any CPU
		{721D9342-7E0B-4099-87A6-4751E034EBFE}.Release|iPhone.ActiveCfg = Release|Any CPU
		{721D9342-7E0B-4099-87A6-4751E034EBFE}.Release|iPhone.Build.0 = Release|Any CPU
		{721D9342-7E0B-4099-87A6-4751E034EBFE}.Release|iPhone.Deploy.0 = Release|Any CPU
		{721D9342-7E0B-4099-87A6-4751E034EBFE}.Release|iPhoneSimulator.ActiveCfg = Release|Any CPU
		{721D9342-7E0B-4099-87A6-4751E034EBFE}.Release|iPhoneSimulator.Build.0 = Release|Any CPU
		{721D9342-7E0B-4099-87A6-4751E034EBFE}.Release|iPhoneSimulator.Deploy.0 = Release|Any CPU
	EndGlobalSection
	GlobalSection(SolutionProperties) = preSolution
		HideSolutionNode = FALSE
	EndGlobalSection
	GlobalSection(ExtensibilityGlobals) = postSolution
		SolutionGuid = {DF08EBE9-5934-48AD-B6E6-7650295157AD}
	EndGlobalSection
EndGlobal
